// !$*UTF8*$!
{
	archiveVersion = 1;
	classes = {
	};
	objectVersion = 55;
	objects = {

/* Begin PBXBuildFile section */
		571A3A1427368FB100304D79 /* MainScreenView.swift in Sources */ = {isa = PBXBuildFile; fileRef = 571A3A1327368FB100304D79 /* MainScreenView.swift */; };
		571A3A172736941500304D79 /* Units.swift in Sources */ = {isa = PBXBuildFile; fileRef = 571A3A162736941500304D79 /* Units.swift */; };
		571A3A1C2736990900304D79 /* PressureDrawView.swift in Sources */ = {isa = PBXBuildFile; fileRef = 571A3A1B2736990900304D79 /* PressureDrawView.swift */; };
		571A3A1E2736991A00304D79 /* PressureDrawViewRepresentable.swift in Sources */ = {isa = PBXBuildFile; fileRef = 571A3A1D2736991A00304D79 /* PressureDrawViewRepresentable.swift */; };
		571A3A202736995500304D79 /* Gauges.swift in Sources */ = {isa = PBXBuildFile; fileRef = 571A3A1F2736995500304D79 /* Gauges.swift */; };
		571A3A2227369B1E00304D79 /* VolumeDrawView.swift in Sources */ = {isa = PBXBuildFile; fileRef = 571A3A2127369B1E00304D79 /* VolumeDrawView.swift */; };
		571A3A2427369B3800304D79 /* VolumeDrawViewRepresentable.swift in Sources */ = {isa = PBXBuildFile; fileRef = 571A3A2327369B3800304D79 /* VolumeDrawViewRepresentable.swift */; };
		571A3A2627369B5600304D79 /* TemperatureDrawView.swift in Sources */ = {isa = PBXBuildFile; fileRef = 571A3A2527369B5600304D79 /* TemperatureDrawView.swift */; };
		571A3A2827369B6E00304D79 /* TemperatureDrawViewRepresentable.swift in Sources */ = {isa = PBXBuildFile; fileRef = 571A3A2727369B6E00304D79 /* TemperatureDrawViewRepresentable.swift */; };
		5770A6CE27358E2100F0401D /* GasLawApp.swift in Sources */ = {isa = PBXBuildFile; fileRef = 5770A6CD27358E2100F0401D /* GasLawApp.swift */; };
		5770A6D027358E2100F0401D /* ContentView.swift in Sources */ = {isa = PBXBuildFile; fileRef = 5770A6CF27358E2100F0401D /* ContentView.swift */; };
		5770A6D227358E2400F0401D /* Assets.xcassets in Resources */ = {isa = PBXBuildFile; fileRef = 5770A6D127358E2400F0401D /* Assets.xcassets */; };
		5770A6D527358E2400F0401D /* Preview Assets.xcassets in Resources */ = {isa = PBXBuildFile; fileRef = 5770A6D427358E2400F0401D /* Preview Assets.xcassets */; };
/* End PBXBuildFile section */

/* Begin PBXFileReference section */
		571A3A1327368FB100304D79 /* MainScreenView.swift */ = {isa = PBXFileReference; lastKnownFileType = sourcecode.swift; path = MainScreenView.swift; sourceTree = "<group>"; };
		571A3A162736941500304D79 /* Units.swift */ = {isa = PBXFileReference; lastKnownFileType = sourcecode.swift; path = Units.swift; sourceTree = "<group>"; };
		571A3A1B2736990900304D79 /* PressureDrawView.swift */ = {isa = PBXFileReference; lastKnownFileType = sourcecode.swift; path = PressureDrawView.swift; sourceTree = "<group>"; };
		571A3A1D2736991A00304D79 /* PressureDrawViewRepresentable.swift */ = {isa = PBXFileReference; lastKnownFileType = sourcecode.swift; path = PressureDrawViewRepresentable.swift; sourceTree = "<group>"; };
		571A3A1F2736995500304D79 /* Gauges.swift */ = {isa = PBXFileReference; fileEncoding = 4; lastKnownFileType = sourcecode.swift; path = Gauges.swift; sourceTree = "<group>"; };
		571A3A2127369B1E00304D79 /* VolumeDrawView.swift */ = {isa = PBXFileReference; lastKnownFileType = sourcecode.swift; path = VolumeDrawView.swift; sourceTree = "<group>"; };
		571A3A2327369B3800304D79 /* VolumeDrawViewRepresentable.swift */ = {isa = PBXFileReference; lastKnownFileType = sourcecode.swift; path = VolumeDrawViewRepresentable.swift; sourceTree = "<group>"; };
		571A3A2527369B5600304D79 /* TemperatureDrawView.swift */ = {isa = PBXFileReference; lastKnownFileType = sourcecode.swift; path = TemperatureDrawView.swift; sourceTree = "<group>"; };
		571A3A2727369B6E00304D79 /* TemperatureDrawViewRepresentable.swift */ = {isa = PBXFileReference; lastKnownFileType = sourcecode.swift; path = TemperatureDrawViewRepresentable.swift; sourceTree = "<group>"; };
		5770A6CA27358E2100F0401D /* GasLaw.app */ = {isa = PBXFileReference; explicitFileType = wrapper.application; includeInIndex = 0; path = GasLaw.app; sourceTree = BUILT_PRODUCTS_DIR; };
		5770A6CD27358E2100F0401D /* GasLawApp.swift */ = {isa = PBXFileReference; lastKnownFileType = sourcecode.swift; path = GasLawApp.swift; sourceTree = "<group>"; };
		5770A6CF27358E2100F0401D /* ContentView.swift */ = {isa = PBXFileReference; lastKnownFileType = sourcecode.swift; path = ContentView.swift; sourceTree = "<group>"; };
		5770A6D127358E2400F0401D /* Assets.xcassets */ = {isa = PBXFileReference; lastKnownFileType = folder.assetcatalog; path = Assets.xcassets; sourceTree = "<group>"; };
		5770A6D427358E2400F0401D /* Preview Assets.xcassets */ = {isa = PBXFileReference; lastKnownFileType = folder.assetcatalog; path = "Preview Assets.xcassets"; sourceTree = "<group>"; };
		5770A6D627358E2400F0401D /* GasLaw.entitlements */ = {isa = PBXFileReference; lastKnownFileType = text.plist.entitlements; path = GasLaw.entitlements; sourceTree = "<group>"; };
/* End PBXFileReference section */

/* Begin PBXFrameworksBuildPhase section */
		5770A6C727358E2100F0401D /* Frameworks */ = {
			isa = PBXFrameworksBuildPhase;
			buildActionMask = 2147483647;
			files = (
			);
			runOnlyForDeploymentPostprocessing = 0;
		};
/* End PBXFrameworksBuildPhase section */

/* Begin PBXGroup section */
		571A3A1227368F9200304D79 /* Views */ = {
			isa = PBXGroup;
			children = (
				571A3A1F2736995500304D79 /* Gauges.swift */,
				571A3A1A273698B300304D79 /* TemperatureGaugeView */,
				571A3A19273698A500304D79 /* VolumeGaugeView */,
				571A3A182736989500304D79 /* PressureGaugeView */,
				571A3A1327368FB100304D79 /* MainScreenView.swift */,
			);
			path = Views;
			sourceTree = "<group>";
		};
		571A3A15273693F700304D79 /* Constants */ = {
			isa = PBXGroup;
			children = (
				571A3A162736941500304D79 /* Units.swift */,
			);
			path = Constants;
			sourceTree = "<group>";
		};
		571A3A182736989500304D79 /* PressureGaugeView */ = {
			isa = PBXGroup;
			children = (
				571A3A1B2736990900304D79 /* PressureDrawView.swift */,
				571A3A1D2736991A00304D79 /* PressureDrawViewRepresentable.swift */,
			);
			path = PressureGaugeView;
			sourceTree = "<group>";
		};
		571A3A19273698A500304D79 /* VolumeGaugeView */ = {
			isa = PBXGroup;
			children = (
				571A3A2127369B1E00304D79 /* VolumeDrawView.swift */,
				571A3A2327369B3800304D79 /* VolumeDrawViewRepresentable.swift */,
			);
			path = VolumeGaugeView;
			sourceTree = "<group>";
		};
		571A3A1A273698B300304D79 /* TemperatureGaugeView */ = {
			isa = PBXGroup;
			children = (
				571A3A2527369B5600304D79 /* TemperatureDrawView.swift */,
				571A3A2727369B6E00304D79 /* TemperatureDrawViewRepresentable.swift */,
			);
			path = TemperatureGaugeView;
			sourceTree = "<group>";
		};
		5770A6C127358E2100F0401D = {
			isa = PBXGroup;
			children = (
				5770A6CC27358E2100F0401D /* GasLaw */,
				5770A6CB27358E2100F0401D /* Products */,
			);
			sourceTree = "<group>";
		};
		5770A6CB27358E2100F0401D /* Products */ = {
			isa = PBXGroup;
			children = (
				5770A6CA27358E2100F0401D /* GasLaw.app */,
			);
			name = Products;
			sourceTree = "<group>";
		};
		5770A6CC27358E2100F0401D /* GasLaw */ = {
			isa = PBXGroup;
			children = (
				571A3A15273693F700304D79 /* Constants */,
				571A3A1227368F9200304D79 /* Views */,
				5770A6CD27358E2100F0401D /* GasLawApp.swift */,
				5770A6CF27358E2100F0401D /* ContentView.swift */,
				5770A6D127358E2400F0401D /* Assets.xcassets */,
				5770A6D627358E2400F0401D /* GasLaw.entitlements */,
				5770A6D327358E2400F0401D /* Preview Content */,
			);
			path = GasLaw;
			sourceTree = "<group>";
		};
		5770A6D327358E2400F0401D /* Preview Content */ = {
			isa = PBXGroup;
			children = (
				5770A6D427358E2400F0401D /* Preview Assets.xcassets */,
			);
			path = "Preview Content";
			sourceTree = "<group>";
		};
/* End PBXGroup section */

/* Begin PBXNativeTarget section */
		5770A6C927358E2100F0401D /* GasLaw */ = {
			isa = PBXNativeTarget;
			buildConfigurationList = 5770A6D927358E2400F0401D /* Build configuration list for PBXNativeTarget "GasLaw" */;
			buildPhases = (
				5770A6C627358E2100F0401D /* Sources */,
				5770A6C727358E2100F0401D /* Frameworks */,
				5770A6C827358E2100F0401D /* Resources */,
			);
			buildRules = (
			);
			dependencies = (
			);
			name = GasLaw;
			productName = GasLaw;
			productReference = 5770A6CA27358E2100F0401D /* GasLaw.app */;
			productType = "com.apple.product-type.application";
		};
/* End PBXNativeTarget section */

/* Begin PBXProject section */
		5770A6C227358E2100F0401D /* Project object */ = {
			isa = PBXProject;
			attributes = {
				BuildIndependentTargetsInParallel = 1;
				LastSwiftUpdateCheck = 1310;
				LastUpgradeCheck = 1310;
				TargetAttributes = {
					5770A6C927358E2100F0401D = {
						CreatedOnToolsVersion = 13.1;
					};
				};
			};
			buildConfigurationList = 5770A6C527358E2100F0401D /* Build configuration list for PBXProject "GasLaw" */;
			compatibilityVersion = "Xcode 13.0";
			developmentRegion = en;
			hasScannedForEncodings = 0;
			knownRegions = (
				en,
				Base,
			);
			mainGroup = 5770A6C127358E2100F0401D;
			productRefGroup = 5770A6CB27358E2100F0401D /* Products */;
			projectDirPath = "";
			projectRoot = "";
			targets = (
				5770A6C927358E2100F0401D /* GasLaw */,
			);
		};
/* End PBXProject section */

/* Begin PBXResourcesBuildPhase section */
		5770A6C827358E2100F0401D /* Resources */ = {
			isa = PBXResourcesBuildPhase;
			buildActionMask = 2147483647;
			files = (
				5770A6D527358E2400F0401D /* Preview Assets.xcassets in Resources */,
				5770A6D227358E2400F0401D /* Assets.xcassets in Resources */,
			);
			runOnlyForDeploymentPostprocessing = 0;
		};
/* End PBXResourcesBuildPhase section */

/* Begin PBXSourcesBuildPhase section */
		5770A6C627358E2100F0401D /* Sources */ = {
			isa = PBXSourcesBuildPhase;
			buildActionMask = 2147483647;
			files = (
				571A3A2227369B1E00304D79 /* VolumeDrawView.swift in Sources */,
				5770A6D027358E2100F0401D /* ContentView.swift in Sources */,
				571A3A202736995500304D79 /* Gauges.swift in Sources */,
				571A3A1C2736990900304D79 /* PressureDrawView.swift in Sources */,
				571A3A1E2736991A00304D79 /* PressureDrawViewRepresentable.swift in Sources */,
				571A3A2627369B5600304D79 /* TemperatureDrawView.swift in Sources */,
				571A3A2827369B6E00304D79 /* TemperatureDrawViewRepresentable.swift in Sources */,
				571A3A172736941500304D79 /* Units.swift in Sources */,
				571A3A1427368FB100304D79 /* MainScreenView.swift in Sources */,
				571A3A2427369B3800304D79 /* VolumeDrawViewRepresentable.swift in Sources */,
				5770A6CE27358E2100F0401D /* GasLawApp.swift in Sources */,
			);
			runOnlyForDeploymentPostprocessing = 0;
		};
/* End PBXSourcesBuildPhase section */

/* Begin XCBuildConfiguration section */
		5770A6D727358E2400F0401D /* Debug */ = {
			isa = XCBuildConfiguration;
			buildSettings = {
				ALWAYS_SEARCH_USER_PATHS = NO;
				CLANG_ANALYZER_NONNULL = YES;
				CLANG_ANALYZER_NUMBER_OBJECT_CONVERSION = YES_AGGRESSIVE;
				CLANG_CXX_LANGUAGE_STANDARD = "gnu++17";
				CLANG_CXX_LIBRARY = "libc++";
				CLANG_ENABLE_MODULES = YES;
				CLANG_ENABLE_OBJC_ARC = YES;
				CLANG_ENABLE_OBJC_WEAK = YES;
				CLANG_WARN_BLOCK_CAPTURE_AUTORELEASING = YES;
				CLANG_WARN_BOOL_CONVERSION = YES;
				CLANG_WARN_COMMA = YES;
				CLANG_WARN_CONSTANT_CONVERSION = YES;
				CLANG_WARN_DEPRECATED_OBJC_IMPLEMENTATIONS = YES;
				CLANG_WARN_DIRECT_OBJC_ISA_USAGE = YES_ERROR;
				CLANG_WARN_DOCUMENTATION_COMMENTS = YES;
				CLANG_WARN_EMPTY_BODY = YES;
				CLANG_WARN_ENUM_CONVERSION = YES;
				CLANG_WARN_INFINITE_RECURSION = YES;
				CLANG_WARN_INT_CONVERSION = YES;
				CLANG_WARN_NON_LITERAL_NULL_CONVERSION = YES;
				CLANG_WARN_OBJC_IMPLICIT_RETAIN_SELF = YES;
				CLANG_WARN_OBJC_LITERAL_CONVERSION = YES;
				CLANG_WARN_OBJC_ROOT_CLASS = YES_ERROR;
				CLANG_WARN_QUOTED_INCLUDE_IN_FRAMEWORK_HEADER = YES;
				CLANG_WARN_RANGE_LOOP_ANALYSIS = YES;
				CLANG_WARN_STRICT_PROTOTYPES = YES;
				CLANG_WARN_SUSPICIOUS_MOVE = YES;
				CLANG_WARN_UNGUARDED_AVAILABILITY = YES_AGGRESSIVE;
				CLANG_WARN_UNREACHABLE_CODE = YES;
				CLANG_WARN__DUPLICATE_METHOD_MATCH = YES;
				COPY_PHASE_STRIP = NO;
				DEBUG_INFORMATION_FORMAT = dwarf;
				ENABLE_STRICT_OBJC_MSGSEND = YES;
				ENABLE_TESTABILITY = YES;
				GCC_C_LANGUAGE_STANDARD = gnu11;
				GCC_DYNAMIC_NO_PIC = NO;
				GCC_NO_COMMON_BLOCKS = YES;
				GCC_OPTIMIZATION_LEVEL = 0;
				GCC_PREPROCESSOR_DEFINITIONS = (
					"DEBUG=1",
					"$(inherited)",
				);
				GCC_WARN_64_TO_32_BIT_CONVERSION = YES;
				GCC_WARN_ABOUT_RETURN_TYPE = YES_ERROR;
				GCC_WARN_UNDECLARED_SELECTOR = YES;
				GCC_WARN_UNINITIALIZED_AUTOS = YES_AGGRESSIVE;
				GCC_WARN_UNUSED_FUNCTION = YES;
				GCC_WARN_UNUSED_VARIABLE = YES;
				MACOSX_DEPLOYMENT_TARGET = 11.6;
				MTL_ENABLE_DEBUG_INFO = INCLUDE_SOURCE;
				MTL_FAST_MATH = YES;
				ONLY_ACTIVE_ARCH = YES;
				SDKROOT = macosx;
				SWIFT_ACTIVE_COMPILATION_CONDITIONS = DEBUG;
				SWIFT_OPTIMIZATION_LEVEL = "-Onone";
			};
			name = Debug;
		};
		5770A6D827358E2400F0401D /* Release */ = {
			isa = XCBuildConfiguration;
			buildSettings = {
				ALWAYS_SEARCH_USER_PATHS = NO;
				CLANG_ANALYZER_NONNULL = YES;
				CLANG_ANALYZER_NUMBER_OBJECT_CONVERSION = YES_AGGRESSIVE;
				CLANG_CXX_LANGUAGE_STANDARD = "gnu++17";
				CLANG_CXX_LIBRARY = "libc++";
				CLANG_ENABLE_MODULES = YES;
				CLANG_ENABLE_OBJC_ARC = YES;
				CLANG_ENABLE_OBJC_WEAK = YES;
				CLANG_WARN_BLOCK_CAPTURE_AUTORELEASING = YES;
				CLANG_WARN_BOOL_CONVERSION = YES;
				CLANG_WARN_COMMA = YES;
				CLANG_WARN_CONSTANT_CONVERSION = YES;
				CLANG_WARN_DEPRECATED_OBJC_IMPLEMENTATIONS = YES;
				CLANG_WARN_DIRECT_OBJC_ISA_USAGE = YES_ERROR;
				CLANG_WARN_DOCUMENTATION_COMMENTS = YES;
				CLANG_WARN_EMPTY_BODY = YES;
				CLANG_WARN_ENUM_CONVERSION = YES;
				CLANG_WARN_INFINITE_RECURSION = YES;
				CLANG_WARN_INT_CONVERSION = YES;
				CLANG_WARN_NON_LITERAL_NULL_CONVERSION = YES;
				CLANG_WARN_OBJC_IMPLICIT_RETAIN_SELF = YES;
				CLANG_WARN_OBJC_LITERAL_CONVERSION = YES;
				CLANG_WARN_OBJC_ROOT_CLASS = YES_ERROR;
				CLANG_WARN_QUOTED_INCLUDE_IN_FRAMEWORK_HEADER = YES;
				CLANG_WARN_RANGE_LOOP_ANALYSIS = YES;
				CLANG_WARN_STRICT_PROTOTYPES = YES;
				CLANG_WARN_SUSPICIOUS_MOVE = YES;
				CLANG_WARN_UNGUARDED_AVAILABILITY = YES_AGGRESSIVE;
				CLANG_WARN_UNREACHABLE_CODE = YES;
				CLANG_WARN__DUPLICATE_METHOD_MATCH = YES;
				COPY_PHASE_STRIP = NO;
				DEBUG_INFORMATION_FORMAT = "dwarf-with-dsym";
				ENABLE_NS_ASSERTIONS = NO;
				ENABLE_STRICT_OBJC_MSGSEND = YES;
				GCC_C_LANGUAGE_STANDARD = gnu11;
				GCC_NO_COMMON_BLOCKS = YES;
				GCC_WARN_64_TO_32_BIT_CONVERSION = YES;
				GCC_WARN_ABOUT_RETURN_TYPE = YES_ERROR;
				GCC_WARN_UNDECLARED_SELECTOR = YES;
				GCC_WARN_UNINITIALIZED_AUTOS = YES_AGGRESSIVE;
				GCC_WARN_UNUSED_FUNCTION = YES;
				GCC_WARN_UNUSED_VARIABLE = YES;
				MACOSX_DEPLOYMENT_TARGET = 11.6;
				MTL_ENABLE_DEBUG_INFO = NO;
				MTL_FAST_MATH = YES;
				SDKROOT = macosx;
				SWIFT_COMPILATION_MODE = wholemodule;
				SWIFT_OPTIMIZATION_LEVEL = "-O";
			};
			name = Release;
		};
		5770A6DA27358E2400F0401D /* Debug */ = {
			isa = XCBuildConfiguration;
			buildSettings = {
				ASSETCATALOG_COMPILER_APPICON_NAME = AppIcon;
				ASSETCATALOG_COMPILER_GLOBAL_ACCENT_COLOR_NAME = AccentColor;
				CODE_SIGN_ENTITLEMENTS = GasLaw/GasLaw.entitlements;
				CODE_SIGN_STYLE = Automatic;
				COMBINE_HIDPI_IMAGES = YES;
				CURRENT_PROJECT_VERSION = 1;
				DEVELOPMENT_ASSET_PATHS = "\"GasLaw/Preview Content\"";
				DEVELOPMENT_TEAM = 358WHQF94W;
				ENABLE_HARDENED_RUNTIME = YES;
				ENABLE_PREVIEWS = YES;
				GENERATE_INFOPLIST_FILE = YES;
				INFOPLIST_KEY_NSHumanReadableCopyright = "";
				LD_RUNPATH_SEARCH_PATHS = (
					"$(inherited)",
					"@executable_path/../Frameworks",
				);
				MARKETING_VERSION = 1.0;
				PRODUCT_BUNDLE_IDENTIFIER = hu.purzelbaum.GasLaw;
				PRODUCT_NAME = "$(TARGET_NAME)";
				SWIFT_EMIT_LOC_STRINGS = YES;
				SWIFT_VERSION = 5.0;
			};
			name = Debug;
		};
		5770A6DB27358E2400F0401D /* Release */ = {
			isa = XCBuildConfiguration;
			buildSettings = {
				ASSETCATALOG_COMPILER_APPICON_NAME = AppIcon;
				ASSETCATALOG_COMPILER_GLOBAL_ACCENT_COLOR_NAME = AccentColor;
				CODE_SIGN_ENTITLEMENTS = GasLaw/GasLaw.entitlements;
				CODE_SIGN_STYLE = Automatic;
				COMBINE_HIDPI_IMAGES = YES;
				CURRENT_PROJECT_VERSION = 1;
				DEVELOPMENT_ASSET_PATHS = "\"GasLaw/Preview Content\"";
				DEVELOPMENT_TEAM = 358WHQF94W;
				ENABLE_HARDENED_RUNTIME = YES;
				ENABLE_PREVIEWS = YES;
				GENERATE_INFOPLIST_FILE = YES;
				INFOPLIST_KEY_NSHumanReadableCopyright = "";
				LD_RUNPATH_SEARCH_PATHS = (
					"$(inherited)",
					"@executable_path/../Frameworks",
				);
				MARKETING_VERSION = 1.0;
				PRODUCT_BUNDLE_IDENTIFIER = hu.purzelbaum.GasLaw;
				PRODUCT_NAME = "$(TARGET_NAME)";
				SWIFT_EMIT_LOC_STRINGS = YES;
				SWIFT_VERSION = 5.0;
			};
			name = Release;
		};
/* End XCBuildConfiguration section */

/* Begin XCConfigurationList section */
		5770A6C527358E2100F0401D /* Build configuration list for PBXProject "GasLaw" */ = {
			isa = XCConfigurationList;
			buildConfigurations = (
				5770A6D727358E2400F0401D /* Debug */,
				5770A6D827358E2400F0401D /* Release */,
			);
			defaultConfigurationIsVisible = 0;
			defaultConfigurationName = Release;
		};
		5770A6D927358E2400F0401D /* Build configuration list for PBXNativeTarget "GasLaw" */ = {
			isa = XCConfigurationList;
			buildConfigurations = (
				5770A6DA27358E2400F0401D /* Debug */,
				5770A6DB27358E2400F0401D /* Release */,
			);
			defaultConfigurationIsVisible = 0;
			defaultConfigurationName = Release;
		};
/* End XCConfigurationList section */
	};
	rootObject = 5770A6C227358E2100F0401D /* Project object */;
}
